
Microsoft Visual Studio Solution File, Format Version 12.00
# Visual Studio Version 17
VisualStudioVersion = 17.7.34024.191
MinimumVisualStudioVersion = 10.0.40219.1
Project("{8BC9CEB8-8B4A-11D0-8D11-00A0C91BC942}") = "Project2", "Project2\Project2.vcxproj", "{B594FC26-D9A2-4B02-A213-843F516E2D24}"
EndProject
Global
	GlobalSection(SolutionConfigurationPlatforms) = preSolution
		Debug|x64 = Debug|x64
		Debug|x86 = Debug|x86
		Release|x64 = Release|x64
		Release|x86 = Release|x86
	EndGlobalSection
	GlobalSection(ProjectConfigurationPlatforms) = postSolution
		{B594FC26-D9A2-4B02-A213-843F516E2D24}.Debug|x64.ActiveCfg = Debug|x64
		{B594FC26-D9A2-4B02-A213-843F516E2D24}.Debug|x64.Build.0 = Debug|x64
		{B594FC26-D9A2-4B02-A213-843F516E2D24}.Debug|x86.ActiveCfg = Debug|Win32
		{B594FC26-D9A2-4B02-A213-843F516E2D24}.Debug|x86.Build.0 = Debug|Win32
		{B594FC26-D9A2-4B02-A213-843F516E2D24}.Release|x64.ActiveCfg = Release|x64
		{B594FC26-D9A2-4B02-A213-843F516E2D24}.Release|x64.Build.0 = Release|x64
		{B594FC26-D9A2-4B02-A213-843F516E2D24}.Release|x86.ActiveCfg = Release|Win32
		{B594FC26-D9A2-4B02-A213-843F516E2D24}.Release|x86.Build.0 = Release|Win32
	EndGlobalSection
	GlobalSection(SolutionProperties) = preSolution
		HideSolutionNode = FALSE
	EndGlobalSection
	GlobalSection(ExtensibilityGlobals) = postSolution
		SolutionGuid = {FA73AA20-A570-4624-B9B0-CCB1F52D205F}
	EndGlobalSection
EndGlobal
