
Microsoft Visual Studio Solution File, Format Version 12.00
# Visual Studio Version 17
VisualStudioVersion = 17.7.34024.191
MinimumVisualStudioVersion = 10.0.40219.1
Project("{8BC9CEB8-8B4A-11D0-8D11-00A0C91BC942}") = "FIRST.ConsoleApplication1", "FIRST.ConsoleApplication1\FIRST.ConsoleApplication1.vcxproj", "{D1EB48E0-29F0-41A6-8392-4C08C8414403}"
EndProject
Project("{8BC9CEB8-8B4A-11D0-8D11-00A0C91BC942}") = "iiooog", "iiooog\iiooog.vcxproj", "{DE8259E6-19C2-4394-B64B-BE2B1B27BD06}"
EndProject
Project("{2150E333-8FDC-42A3-9474-1A3956D46DE8}") = "01. Project", "01. Project", "{1D72E115-3B64-4FBD-82B7-98AFD8850495}"
EndProject
Project("{2150E333-8FDC-42A3-9474-1A3956D46DE8}") = "02. Instrukcje decyzyjne", "02. Instrukcje decyzyjne", "{218C7671-5B81-49C3-ADAD-236F4A11DC3B}"
EndProject
Project("{8BC9CEB8-8B4A-11D0-8D11-00A0C91BC942}") = "InstractionIfConsoleApplication", "InstractionIfConsoleApplication\InstractionIfConsoleApplication.vcxproj", "{6CB04589-E674-421A-8DB2-D64AFB6E36F9}"
EndProject
Project("{8BC9CEB8-8B4A-11D0-8D11-00A0C91BC942}") = "LoopDoWhileConsoleApplication", "LoopDoWhileConsoleApplication\LoopDoWhileConsoleApplication.vcxproj", "{D760C260-55BC-4817-A3AD-D2089AD91A66}"
EndProject
Project("{8BC9CEB8-8B4A-11D0-8D11-00A0C91BC942}") = "LoopWhileConsoleApplication", "LoopWhileConsoleApplication\LoopWhileConsoleApplication.vcxproj", "{B0DADAA1-3BB1-4E82-A0A8-C95F29498C6B}"
EndProject
Project("{8BC9CEB8-8B4A-11D0-8D11-00A0C91BC942}") = "LoopForConsoleApplication", "LoopForConsoleApplication\LoopForConsoleApplication.vcxproj", "{3DC553C3-0BB0-4995-93BD-4324F6B2E7A3}"
EndProject
Project("{2150E333-8FDC-42A3-9474-1A3956D46DE8}") = "NewFolder1", "NewFolder1", "{D9FA5B40-3B92-4614-B5A0-B9BEE5DC06DD}"
EndProject
Project("{2150E333-8FDC-42A3-9474-1A3956D46DE8}") = "03.kolekcje", "03.kolekcje", "{76DC0B3C-142F-46B7-AAEF-8A617227BBB9}"
EndProject
Project("{8BC9CEB8-8B4A-11D0-8D11-00A0C91BC942}") = "charactersConsoleApplication", "charactersConsoleApplication\charactersConsoleApplication.vcxproj", "{B8BE63B5-A717-471E-B472-C3C1FE9B1707}"
EndProject
Project("{8BC9CEB8-8B4A-11D0-8D11-00A0C91BC942}") = "ArrayConsoleApplication", "ArrayConsoleApplication\ArrayConsoleApplication.vcxproj", "{76CAA40B-C7E0-4CE9-8DBC-CA7D8A1EEB28}"
EndProject
Project("{2150E333-8FDC-42A3-9474-1A3956D46DE8}") = "04.Funkcje", "04.Funkcje", "{8064F422-AF0A-4DC7-ADFA-B9F188F38707}"
EndProject
Project("{8BC9CEB8-8B4A-11D0-8D11-00A0C91BC942}") = "FunctionConsoleApplication", "FunctionConsoleApplication\FunctionConsoleApplication.vcxproj", "{1DF1EDDC-5FAF-4F37-875A-A9EBBA94636F}"
EndProject
Project("{2150E333-8FDC-42A3-9474-1A3956D46DE8}") = "06.Struktury", "06.Struktury", "{9F5C41F4-B9C0-4267-8BDA-E956F2C99167}"
EndProject
Project("{8BC9CEB8-8B4A-11D0-8D11-00A0C91BC942}") = "FirstStructConsoleApplication", "FirstStructConsoleApplication\FirstStructConsoleApplication.vcxproj", "{DE885643-03EC-4A02-A5DA-63CC28E3F39D}"
EndProject
Project("{2150E333-8FDC-42A3-9474-1A3956D46DE8}") = "NewFolder1", "NewFolder1", "{106AF9B4-4D71-4F39-B161-A94CF6018CA2}"
EndProject
Project("{2150E333-8FDC-42A3-9474-1A3956D46DE8}") = "Programowanie strukturalne", "Programowanie strukturalne", "{59AB3C55-A3CC-4A1C-9A66-C0B9DF0BC021}"
EndProject
Project("{2150E333-8FDC-42A3-9474-1A3956D46DE8}") = "Programowanie obiektowe", "Programowanie obiektowe", "{96208BBA-F25C-4A14-9F58-439F3C52B886}"
EndProject
Project("{2150E333-8FDC-42A3-9474-1A3956D46DE8}") = "01.podstawy", "01.podstawy", "{F7955278-83B8-42AB-8E29-8A05A85BFD33}"
EndProject
Project("{8BC9CEB8-8B4A-11D0-8D11-00A0C91BC942}") = "FirstObjectConsoleApplication1", "FirstObjectConsoleApplication1\FirstObjectConsoleApplication1.vcxproj", "{45361110-A3EE-4903-85E6-F8A8748F1D54}"
EndProject
Project("{8BC9CEB8-8B4A-11D0-8D11-00A0C91BC942}") = "ReadAndWriteOnFilsConsoleApplication1", "ReadAndWriteOnFilsConsoleApplication1\ReadAndWriteOnFilsConsoleApplication1.vcxproj", "{12DB4A60-93B1-4860-A7AE-F79F507294D2}"
EndProject
Project("{8BC9CEB8-8B4A-11D0-8D11-00A0C91BC942}") = "StringConsoleApplication1", "StringConsoleApplication1\StringConsoleApplication1.vcxproj", "{7909097F-2AEF-49DF-AA86-224480FD4916}"
EndProject
Project("{8BC9CEB8-8B4A-11D0-8D11-00A0C91BC942}") = "InharitanceConsoleApplication", "InharitanceConsoleApplication\InharitanceConsoleApplication.vcxproj", "{F8E8E363-28AF-4087-B586-756231E10EF5}"
EndProject
Project("{2150E333-8FDC-42A3-9474-1A3956D46DE8}") = "02.wskażniki", "02.wskażniki", "{F3ACDD61-EC0A-4154-BB57-D3CE6F1E6FEE}"
EndProject
Project("{8BC9CEB8-8B4A-11D0-8D11-00A0C91BC942}") = "PointersConsoleApplication", "PointersConsoleApplication\PointersConsoleApplication.vcxproj", "{D8EB7F2C-DC28-43C6-B8C0-3D5F35D32406}"
EndProject
Project("{2150E333-8FDC-42A3-9474-1A3956D46DE8}") = "matura", "matura", "{63C06840-E0EE-40F3-90FB-5F9982BAFD1D}"
EndProject
Project("{8BC9CEB8-8B4A-11D0-8D11-00A0C91BC942}") = "ConsoleApplicationMatura", "ConsoleApplicationMatura\ConsoleApplicationMatura.vcxproj", "{1D7E7E14-C9A2-4E8C-BD8D-C9E727C8C0F6}"
EndProject
Project("{8BC9CEB8-8B4A-11D0-8D11-00A0C91BC942}") = "ConsoleApplication1MAturaCZERWIEC", "ConsoleApplication1MAturaCZERWIEC\ConsoleApplication1MAturaCZERWIEC.vcxproj", "{CD1D9E3F-F276-4E92-B501-05E9367514B2}"
EndProject
Global
	GlobalSection(SolutionConfigurationPlatforms) = preSolution
		Debug|x64 = Debug|x64
		Debug|x86 = Debug|x86
		Release|x64 = Release|x64
		Release|x86 = Release|x86
	EndGlobalSection
	GlobalSection(ProjectConfigurationPlatforms) = postSolution
		{D1EB48E0-29F0-41A6-8392-4C08C8414403}.Debug|x64.ActiveCfg = Debug|x64
		{D1EB48E0-29F0-41A6-8392-4C08C8414403}.Debug|x64.Build.0 = Debug|x64
		{D1EB48E0-29F0-41A6-8392-4C08C8414403}.Debug|x86.ActiveCfg = Debug|Win32
		{D1EB48E0-29F0-41A6-8392-4C08C8414403}.Debug|x86.Build.0 = Debug|Win32
		{D1EB48E0-29F0-41A6-8392-4C08C8414403}.Release|x64.ActiveCfg = Release|x64
		{D1EB48E0-29F0-41A6-8392-4C08C8414403}.Release|x64.Build.0 = Release|x64
		{D1EB48E0-29F0-41A6-8392-4C08C8414403}.Release|x86.ActiveCfg = Release|Win32
		{D1EB48E0-29F0-41A6-8392-4C08C8414403}.Release|x86.Build.0 = Release|Win32
		{DE8259E6-19C2-4394-B64B-BE2B1B27BD06}.Debug|x64.ActiveCfg = Debug|x64
		{DE8259E6-19C2-4394-B64B-BE2B1B27BD06}.Debug|x64.Build.0 = Debug|x64
		{DE8259E6-19C2-4394-B64B-BE2B1B27BD06}.Debug|x86.ActiveCfg = Debug|Win32
		{DE8259E6-19C2-4394-B64B-BE2B1B27BD06}.Debug|x86.Build.0 = Debug|Win32
		{DE8259E6-19C2-4394-B64B-BE2B1B27BD06}.Release|x64.ActiveCfg = Release|x64
		{DE8259E6-19C2-4394-B64B-BE2B1B27BD06}.Release|x64.Build.0 = Release|x64
		{DE8259E6-19C2-4394-B64B-BE2B1B27BD06}.Release|x86.ActiveCfg = Release|Win32
		{DE8259E6-19C2-4394-B64B-BE2B1B27BD06}.Release|x86.Build.0 = Release|Win32
		{6CB04589-E674-421A-8DB2-D64AFB6E36F9}.Debug|x64.ActiveCfg = Debug|x64
		{6CB04589-E674-421A-8DB2-D64AFB6E36F9}.Debug|x64.Build.0 = Debug|x64
		{6CB04589-E674-421A-8DB2-D64AFB6E36F9}.Debug|x86.ActiveCfg = Debug|Win32
		{6CB04589-E674-421A-8DB2-D64AFB6E36F9}.Debug|x86.Build.0 = Debug|Win32
		{6CB04589-E674-421A-8DB2-D64AFB6E36F9}.Release|x64.ActiveCfg = Release|x64
		{6CB04589-E674-421A-8DB2-D64AFB6E36F9}.Release|x64.Build.0 = Release|x64
		{6CB04589-E674-421A-8DB2-D64AFB6E36F9}.Release|x86.ActiveCfg = Release|Win32
		{6CB04589-E674-421A-8DB2-D64AFB6E36F9}.Release|x86.Build.0 = Release|Win32
		{D760C260-55BC-4817-A3AD-D2089AD91A66}.Debug|x64.ActiveCfg = Debug|x64
		{D760C260-55BC-4817-A3AD-D2089AD91A66}.Debug|x64.Build.0 = Debug|x64
		{D760C260-55BC-4817-A3AD-D2089AD91A66}.Debug|x86.ActiveCfg = Debug|Win32
		{D760C260-55BC-4817-A3AD-D2089AD91A66}.Debug|x86.Build.0 = Debug|Win32
		{D760C260-55BC-4817-A3AD-D2089AD91A66}.Release|x64.ActiveCfg = Release|x64
		{D760C260-55BC-4817-A3AD-D2089AD91A66}.Release|x64.Build.0 = Release|x64
		{D760C260-55BC-4817-A3AD-D2089AD91A66}.Release|x86.ActiveCfg = Release|Win32
		{D760C260-55BC-4817-A3AD-D2089AD91A66}.Release|x86.Build.0 = Release|Win32
		{B0DADAA1-3BB1-4E82-A0A8-C95F29498C6B}.Debug|x64.ActiveCfg = Debug|x64
		{B0DADAA1-3BB1-4E82-A0A8-C95F29498C6B}.Debug|x64.Build.0 = Debug|x64
		{B0DADAA1-3BB1-4E82-A0A8-C95F29498C6B}.Debug|x86.ActiveCfg = Debug|Win32
		{B0DADAA1-3BB1-4E82-A0A8-C95F29498C6B}.Debug|x86.Build.0 = Debug|Win32
		{B0DADAA1-3BB1-4E82-A0A8-C95F29498C6B}.Release|x64.ActiveCfg = Release|x64
		{B0DADAA1-3BB1-4E82-A0A8-C95F29498C6B}.Release|x64.Build.0 = Release|x64
		{B0DADAA1-3BB1-4E82-A0A8-C95F29498C6B}.Release|x86.ActiveCfg = Release|Win32
		{B0DADAA1-3BB1-4E82-A0A8-C95F29498C6B}.Release|x86.Build.0 = Release|Win32
		{3DC553C3-0BB0-4995-93BD-4324F6B2E7A3}.Debug|x64.ActiveCfg = Debug|x64
		{3DC553C3-0BB0-4995-93BD-4324F6B2E7A3}.Debug|x64.Build.0 = Debug|x64
		{3DC553C3-0BB0-4995-93BD-4324F6B2E7A3}.Debug|x86.ActiveCfg = Debug|Win32
		{3DC553C3-0BB0-4995-93BD-4324F6B2E7A3}.Debug|x86.Build.0 = Debug|Win32
		{3DC553C3-0BB0-4995-93BD-4324F6B2E7A3}.Release|x64.ActiveCfg = Release|x64
		{3DC553C3-0BB0-4995-93BD-4324F6B2E7A3}.Release|x64.Build.0 = Release|x64
		{3DC553C3-0BB0-4995-93BD-4324F6B2E7A3}.Release|x86.ActiveCfg = Release|Win32
		{3DC553C3-0BB0-4995-93BD-4324F6B2E7A3}.Release|x86.Build.0 = Release|Win32
		{B8BE63B5-A717-471E-B472-C3C1FE9B1707}.Debug|x64.ActiveCfg = Debug|x64
		{B8BE63B5-A717-471E-B472-C3C1FE9B1707}.Debug|x64.Build.0 = Debug|x64
		{B8BE63B5-A717-471E-B472-C3C1FE9B1707}.Debug|x86.ActiveCfg = Debug|Win32
		{B8BE63B5-A717-471E-B472-C3C1FE9B1707}.Debug|x86.Build.0 = Debug|Win32
		{B8BE63B5-A717-471E-B472-C3C1FE9B1707}.Release|x64.ActiveCfg = Release|x64
		{B8BE63B5-A717-471E-B472-C3C1FE9B1707}.Release|x64.Build.0 = Release|x64
		{B8BE63B5-A717-471E-B472-C3C1FE9B1707}.Release|x86.ActiveCfg = Release|Win32
		{B8BE63B5-A717-471E-B472-C3C1FE9B1707}.Release|x86.Build.0 = Release|Win32
		{76CAA40B-C7E0-4CE9-8DBC-CA7D8A1EEB28}.Debug|x64.ActiveCfg = Debug|x64
		{76CAA40B-C7E0-4CE9-8DBC-CA7D8A1EEB28}.Debug|x64.Build.0 = Debug|x64
		{76CAA40B-C7E0-4CE9-8DBC-CA7D8A1EEB28}.Debug|x86.ActiveCfg = Debug|Win32
		{76CAA40B-C7E0-4CE9-8DBC-CA7D8A1EEB28}.Debug|x86.Build.0 = Debug|Win32
		{76CAA40B-C7E0-4CE9-8DBC-CA7D8A1EEB28}.Release|x64.ActiveCfg = Release|x64
		{76CAA40B-C7E0-4CE9-8DBC-CA7D8A1EEB28}.Release|x64.Build.0 = Release|x64
		{76CAA40B-C7E0-4CE9-8DBC-CA7D8A1EEB28}.Release|x86.ActiveCfg = Release|Win32
		{76CAA40B-C7E0-4CE9-8DBC-CA7D8A1EEB28}.Release|x86.Build.0 = Release|Win32
		{1DF1EDDC-5FAF-4F37-875A-A9EBBA94636F}.Debug|x64.ActiveCfg = Debug|x64
		{1DF1EDDC-5FAF-4F37-875A-A9EBBA94636F}.Debug|x64.Build.0 = Debug|x64
		{1DF1EDDC-5FAF-4F37-875A-A9EBBA94636F}.Debug|x86.ActiveCfg = Debug|Win32
		{1DF1EDDC-5FAF-4F37-875A-A9EBBA94636F}.Debug|x86.Build.0 = Debug|Win32
		{1DF1EDDC-5FAF-4F37-875A-A9EBBA94636F}.Release|x64.ActiveCfg = Release|x64
		{1DF1EDDC-5FAF-4F37-875A-A9EBBA94636F}.Release|x64.Build.0 = Release|x64
		{1DF1EDDC-5FAF-4F37-875A-A9EBBA94636F}.Release|x86.ActiveCfg = Release|Win32
		{1DF1EDDC-5FAF-4F37-875A-A9EBBA94636F}.Release|x86.Build.0 = Release|Win32
		{DE885643-03EC-4A02-A5DA-63CC28E3F39D}.Debug|x64.ActiveCfg = Debug|x64
		{DE885643-03EC-4A02-A5DA-63CC28E3F39D}.Debug|x64.Build.0 = Debug|x64
		{DE885643-03EC-4A02-A5DA-63CC28E3F39D}.Debug|x86.ActiveCfg = Debug|Win32
		{DE885643-03EC-4A02-A5DA-63CC28E3F39D}.Debug|x86.Build.0 = Debug|Win32
		{DE885643-03EC-4A02-A5DA-63CC28E3F39D}.Release|x64.ActiveCfg = Release|x64
		{DE885643-03EC-4A02-A5DA-63CC28E3F39D}.Release|x64.Build.0 = Release|x64
		{DE885643-03EC-4A02-A5DA-63CC28E3F39D}.Release|x86.ActiveCfg = Release|Win32
		{DE885643-03EC-4A02-A5DA-63CC28E3F39D}.Release|x86.Build.0 = Release|Win32
		{45361110-A3EE-4903-85E6-F8A8748F1D54}.Debug|x64.ActiveCfg = Debug|x64
		{45361110-A3EE-4903-85E6-F8A8748F1D54}.Debug|x64.Build.0 = Debug|x64
		{45361110-A3EE-4903-85E6-F8A8748F1D54}.Debug|x86.ActiveCfg = Debug|Win32
		{45361110-A3EE-4903-85E6-F8A8748F1D54}.Debug|x86.Build.0 = Debug|Win32
		{45361110-A3EE-4903-85E6-F8A8748F1D54}.Release|x64.ActiveCfg = Release|x64
		{45361110-A3EE-4903-85E6-F8A8748F1D54}.Release|x64.Build.0 = Release|x64
		{45361110-A3EE-4903-85E6-F8A8748F1D54}.Release|x86.ActiveCfg = Release|Win32
		{45361110-A3EE-4903-85E6-F8A8748F1D54}.Release|x86.Build.0 = Release|Win32
		{12DB4A60-93B1-4860-A7AE-F79F507294D2}.Debug|x64.ActiveCfg = Debug|x64
		{12DB4A60-93B1-4860-A7AE-F79F507294D2}.Debug|x64.Build.0 = Debug|x64
		{12DB4A60-93B1-4860-A7AE-F79F507294D2}.Debug|x86.ActiveCfg = Debug|Win32
		{12DB4A60-93B1-4860-A7AE-F79F507294D2}.Debug|x86.Build.0 = Debug|Win32
		{12DB4A60-93B1-4860-A7AE-F79F507294D2}.Release|x64.ActiveCfg = Release|x64
		{12DB4A60-93B1-4860-A7AE-F79F507294D2}.Release|x64.Build.0 = Release|x64
		{12DB4A60-93B1-4860-A7AE-F79F507294D2}.Release|x86.ActiveCfg = Release|Win32
		{12DB4A60-93B1-4860-A7AE-F79F507294D2}.Release|x86.Build.0 = Release|Win32
		{7909097F-2AEF-49DF-AA86-224480FD4916}.Debug|x64.ActiveCfg = Debug|x64
		{7909097F-2AEF-49DF-AA86-224480FD4916}.Debug|x64.Build.0 = Debug|x64
		{7909097F-2AEF-49DF-AA86-224480FD4916}.Debug|x86.ActiveCfg = Debug|Win32
		{7909097F-2AEF-49DF-AA86-224480FD4916}.Debug|x86.Build.0 = Debug|Win32
		{7909097F-2AEF-49DF-AA86-224480FD4916}.Release|x64.ActiveCfg = Release|x64
		{7909097F-2AEF-49DF-AA86-224480FD4916}.Release|x64.Build.0 = Release|x64
		{7909097F-2AEF-49DF-AA86-224480FD4916}.Release|x86.ActiveCfg = Release|Win32
		{7909097F-2AEF-49DF-AA86-224480FD4916}.Release|x86.Build.0 = Release|Win32
		{F8E8E363-28AF-4087-B586-756231E10EF5}.Debug|x64.ActiveCfg = Debug|x64
		{F8E8E363-28AF-4087-B586-756231E10EF5}.Debug|x64.Build.0 = Debug|x64
		{F8E8E363-28AF-4087-B586-756231E10EF5}.Debug|x86.ActiveCfg = Debug|Win32
		{F8E8E363-28AF-4087-B586-756231E10EF5}.Debug|x86.Build.0 = Debug|Win32
		{F8E8E363-28AF-4087-B586-756231E10EF5}.Release|x64.ActiveCfg = Release|x64
		{F8E8E363-28AF-4087-B586-756231E10EF5}.Release|x64.Build.0 = Release|x64
		{F8E8E363-28AF-4087-B586-756231E10EF5}.Release|x86.ActiveCfg = Release|Win32
		{F8E8E363-28AF-4087-B586-756231E10EF5}.Release|x86.Build.0 = Release|Win32
		{D8EB7F2C-DC28-43C6-B8C0-3D5F35D32406}.Debug|x64.ActiveCfg = Debug|x64
		{D8EB7F2C-DC28-43C6-B8C0-3D5F35D32406}.Debug|x64.Build.0 = Debug|x64
		{D8EB7F2C-DC28-43C6-B8C0-3D5F35D32406}.Debug|x86.ActiveCfg = Debug|Win32
		{D8EB7F2C-DC28-43C6-B8C0-3D5F35D32406}.Debug|x86.Build.0 = Debug|Win32
		{D8EB7F2C-DC28-43C6-B8C0-3D5F35D32406}.Release|x64.ActiveCfg = Release|x64
		{D8EB7F2C-DC28-43C6-B8C0-3D5F35D32406}.Release|x64.Build.0 = Release|x64
		{D8EB7F2C-DC28-43C6-B8C0-3D5F35D32406}.Release|x86.ActiveCfg = Release|Win32
		{D8EB7F2C-DC28-43C6-B8C0-3D5F35D32406}.Release|x86.Build.0 = Release|Win32
		{1D7E7E14-C9A2-4E8C-BD8D-C9E727C8C0F6}.Debug|x64.ActiveCfg = Debug|x64
		{1D7E7E14-C9A2-4E8C-BD8D-C9E727C8C0F6}.Debug|x64.Build.0 = Debug|x64
		{1D7E7E14-C9A2-4E8C-BD8D-C9E727C8C0F6}.Debug|x86.ActiveCfg = Debug|Win32
		{1D7E7E14-C9A2-4E8C-BD8D-C9E727C8C0F6}.Debug|x86.Build.0 = Debug|Win32
		{1D7E7E14-C9A2-4E8C-BD8D-C9E727C8C0F6}.Release|x64.ActiveCfg = Release|x64
		{1D7E7E14-C9A2-4E8C-BD8D-C9E727C8C0F6}.Release|x64.Build.0 = Release|x64
		{1D7E7E14-C9A2-4E8C-BD8D-C9E727C8C0F6}.Release|x86.ActiveCfg = Release|Win32
		{1D7E7E14-C9A2-4E8C-BD8D-C9E727C8C0F6}.Release|x86.Build.0 = Release|Win32
		{CD1D9E3F-F276-4E92-B501-05E9367514B2}.Debug|x64.ActiveCfg = Debug|x64
		{CD1D9E3F-F276-4E92-B501-05E9367514B2}.Debug|x64.Build.0 = Debug|x64
		{CD1D9E3F-F276-4E92-B501-05E9367514B2}.Debug|x86.ActiveCfg = Debug|Win32
		{CD1D9E3F-F276-4E92-B501-05E9367514B2}.Debug|x86.Build.0 = Debug|Win32
		{CD1D9E3F-F276-4E92-B501-05E9367514B2}.Release|x64.ActiveCfg = Release|x64
		{CD1D9E3F-F276-4E92-B501-05E9367514B2}.Release|x64.Build.0 = Release|x64
		{CD1D9E3F-F276-4E92-B501-05E9367514B2}.Release|x86.ActiveCfg = Release|Win32
		{CD1D9E3F-F276-4E92-B501-05E9367514B2}.Release|x86.Build.0 = Release|Win32
	EndGlobalSection
	GlobalSection(SolutionProperties) = preSolution
		HideSolutionNode = FALSE
	EndGlobalSection
	GlobalSection(NestedProjects) = preSolution
		{D1EB48E0-29F0-41A6-8392-4C08C8414403} = {1D72E115-3B64-4FBD-82B7-98AFD8850495}
		{DE8259E6-19C2-4394-B64B-BE2B1B27BD06} = {1D72E115-3B64-4FBD-82B7-98AFD8850495}
		{1D72E115-3B64-4FBD-82B7-98AFD8850495} = {59AB3C55-A3CC-4A1C-9A66-C0B9DF0BC021}
		{218C7671-5B81-49C3-ADAD-236F4A11DC3B} = {59AB3C55-A3CC-4A1C-9A66-C0B9DF0BC021}
		{6CB04589-E674-421A-8DB2-D64AFB6E36F9} = {218C7671-5B81-49C3-ADAD-236F4A11DC3B}
		{D760C260-55BC-4817-A3AD-D2089AD91A66} = {218C7671-5B81-49C3-ADAD-236F4A11DC3B}
		{B0DADAA1-3BB1-4E82-A0A8-C95F29498C6B} = {218C7671-5B81-49C3-ADAD-236F4A11DC3B}
		{3DC553C3-0BB0-4995-93BD-4324F6B2E7A3} = {218C7671-5B81-49C3-ADAD-236F4A11DC3B}
		{D9FA5B40-3B92-4614-B5A0-B9BEE5DC06DD} = {218C7671-5B81-49C3-ADAD-236F4A11DC3B}
		{76DC0B3C-142F-46B7-AAEF-8A617227BBB9} = {59AB3C55-A3CC-4A1C-9A66-C0B9DF0BC021}
		{B8BE63B5-A717-471E-B472-C3C1FE9B1707} = {76DC0B3C-142F-46B7-AAEF-8A617227BBB9}
		{76CAA40B-C7E0-4CE9-8DBC-CA7D8A1EEB28} = {76DC0B3C-142F-46B7-AAEF-8A617227BBB9}
		{8064F422-AF0A-4DC7-ADFA-B9F188F38707} = {59AB3C55-A3CC-4A1C-9A66-C0B9DF0BC021}
		{1DF1EDDC-5FAF-4F37-875A-A9EBBA94636F} = {8064F422-AF0A-4DC7-ADFA-B9F188F38707}
		{9F5C41F4-B9C0-4267-8BDA-E956F2C99167} = {59AB3C55-A3CC-4A1C-9A66-C0B9DF0BC021}
		{DE885643-03EC-4A02-A5DA-63CC28E3F39D} = {9F5C41F4-B9C0-4267-8BDA-E956F2C99167}
		{106AF9B4-4D71-4F39-B161-A94CF6018CA2} = {1D72E115-3B64-4FBD-82B7-98AFD8850495}
		{F7955278-83B8-42AB-8E29-8A05A85BFD33} = {96208BBA-F25C-4A14-9F58-439F3C52B886}
		{45361110-A3EE-4903-85E6-F8A8748F1D54} = {F7955278-83B8-42AB-8E29-8A05A85BFD33}
		{12DB4A60-93B1-4860-A7AE-F79F507294D2} = {F7955278-83B8-42AB-8E29-8A05A85BFD33}
		{7909097F-2AEF-49DF-AA86-224480FD4916} = {F7955278-83B8-42AB-8E29-8A05A85BFD33}
		{F8E8E363-28AF-4087-B586-756231E10EF5} = {F7955278-83B8-42AB-8E29-8A05A85BFD33}
		{F3ACDD61-EC0A-4154-BB57-D3CE6F1E6FEE} = {96208BBA-F25C-4A14-9F58-439F3C52B886}
		{D8EB7F2C-DC28-43C6-B8C0-3D5F35D32406} = {F3ACDD61-EC0A-4154-BB57-D3CE6F1E6FEE}
		{1D7E7E14-C9A2-4E8C-BD8D-C9E727C8C0F6} = {63C06840-E0EE-40F3-90FB-5F9982BAFD1D}
		{CD1D9E3F-F276-4E92-B501-05E9367514B2} = {63C06840-E0EE-40F3-90FB-5F9982BAFD1D}
	EndGlobalSection
	GlobalSection(ExtensibilityGlobals) = postSolution
		SolutionGuid = {2C035C71-88A0-4789-9C50-84356B8250A0}
	EndGlobalSection
EndGlobal
