
Microsoft Visual Studio Solution File, Format Version 12.00
# Visual Studio Version 17
VisualStudioVersion = 17.7.34024.191
MinimumVisualStudioVersion = 10.0.40219.1
Project("{8BC9CEB8-8B4A-11D0-8D11-00A0C91BC942}") = "FIRST.ConsoleApplication1", "FIRST.ConsoleApplication1\FIRST.ConsoleApplication1.vcxproj", "{D1EB48E0-29F0-41A6-8392-4C08C8414403}"
EndProject
Project("{8BC9CEB8-8B4A-11D0-8D11-00A0C91BC942}") = "iiooog", "iiooog\iiooog.vcxproj", "{DE8259E6-19C2-4394-B64B-BE2B1B27BD06}"
EndProject
Project("{2150E333-8FDC-42A3-9474-1A3956D46DE8}") = "01. Project", "01. Project", "{1D72E115-3B64-4FBD-82B7-98AFD8850495}"
EndProject
Project("{2150E333-8FDC-42A3-9474-1A3956D46DE8}") = "02. Instrukcje decyzyjne", "02. Instrukcje decyzyjne", "{218C7671-5B81-49C3-ADAD-236F4A11DC3B}"
EndProject
Project("{8BC9CEB8-8B4A-11D0-8D11-00A0C91BC942}") = "InstractionIfConsoleApplication", "InstractionIfConsoleApplication\InstractionIfConsoleApplication.vcxproj", "{6CB04589-E674-421A-8DB2-D64AFB6E36F9}"
EndProject
Project("{8BC9CEB8-8B4A-11D0-8D11-00A0C91BC942}") = "LoopDoWhileConsoleApplication", "LoopDoWhileConsoleApplication\LoopDoWhileConsoleApplication.vcxproj", "{D760C260-55BC-4817-A3AD-D2089AD91A66}"
EndProject
Project("{8BC9CEB8-8B4A-11D0-8D11-00A0C91BC942}") = "LoopWhileConsoleApplication", "LoopWhileConsoleApplication\LoopWhileConsoleApplication.vcxproj", "{B0DADAA1-3BB1-4E82-A0A8-C95F29498C6B}"
EndProject
Project("{8BC9CEB8-8B4A-11D0-8D11-00A0C91BC942}") = "LoopForConsoleApplication", "LoopForConsoleApplication\LoopForConsoleApplication.vcxproj", "{3DC553C3-0BB0-4995-93BD-4324F6B2E7A3}"
EndProject
Project("{2150E333-8FDC-42A3-9474-1A3956D46DE8}") = "NewFolder1", "NewFolder1", "{D9FA5B40-3B92-4614-B5A0-B9BEE5DC06DD}"
EndProject
Project("{2150E333-8FDC-42A3-9474-1A3956D46DE8}") = "03.kolekcje", "03.kolekcje", "{76DC0B3C-142F-46B7-AAEF-8A617227BBB9}"
EndProject
Project("{8BC9CEB8-8B4A-11D0-8D11-00A0C91BC942}") = "charactersConsoleApplication", "charactersConsoleApplication\charactersConsoleApplication.vcxproj", "{B8BE63B5-A717-471E-B472-C3C1FE9B1707}"
EndProject
Global
	GlobalSection(SolutionConfigurationPlatforms) = preSolution
		Debug|x64 = Debug|x64
		Debug|x86 = Debug|x86
		Release|x64 = Release|x64
		Release|x86 = Release|x86
	EndGlobalSection
	GlobalSection(ProjectConfigurationPlatforms) = postSolution
		{D1EB48E0-29F0-41A6-8392-4C08C8414403}.Debug|x64.ActiveCfg = Debug|x64
		{D1EB48E0-29F0-41A6-8392-4C08C8414403}.Debug|x64.Build.0 = Debug|x64
		{D1EB48E0-29F0-41A6-8392-4C08C8414403}.Debug|x86.ActiveCfg = Debug|Win32
		{D1EB48E0-29F0-41A6-8392-4C08C8414403}.Debug|x86.Build.0 = Debug|Win32
		{D1EB48E0-29F0-41A6-8392-4C08C8414403}.Release|x64.ActiveCfg = Release|x64
		{D1EB48E0-29F0-41A6-8392-4C08C8414403}.Release|x64.Build.0 = Release|x64
		{D1EB48E0-29F0-41A6-8392-4C08C8414403}.Release|x86.ActiveCfg = Release|Win32
		{D1EB48E0-29F0-41A6-8392-4C08C8414403}.Release|x86.Build.0 = Release|Win32
		{DE8259E6-19C2-4394-B64B-BE2B1B27BD06}.Debug|x64.ActiveCfg = Debug|x64
		{DE8259E6-19C2-4394-B64B-BE2B1B27BD06}.Debug|x64.Build.0 = Debug|x64
		{DE8259E6-19C2-4394-B64B-BE2B1B27BD06}.Debug|x86.ActiveCfg = Debug|Win32
		{DE8259E6-19C2-4394-B64B-BE2B1B27BD06}.Debug|x86.Build.0 = Debug|Win32
		{DE8259E6-19C2-4394-B64B-BE2B1B27BD06}.Release|x64.ActiveCfg = Release|x64
		{DE8259E6-19C2-4394-B64B-BE2B1B27BD06}.Release|x64.Build.0 = Release|x64
		{DE8259E6-19C2-4394-B64B-BE2B1B27BD06}.Release|x86.ActiveCfg = Release|Win32
		{DE8259E6-19C2-4394-B64B-BE2B1B27BD06}.Release|x86.Build.0 = Release|Win32
		{6CB04589-E674-421A-8DB2-D64AFB6E36F9}.Debug|x64.ActiveCfg = Debug|x64
		{6CB04589-E674-421A-8DB2-D64AFB6E36F9}.Debug|x64.Build.0 = Debug|x64
		{6CB04589-E674-421A-8DB2-D64AFB6E36F9}.Debug|x86.ActiveCfg = Debug|Win32
		{6CB04589-E674-421A-8DB2-D64AFB6E36F9}.Debug|x86.Build.0 = Debug|Win32
		{6CB04589-E674-421A-8DB2-D64AFB6E36F9}.Release|x64.ActiveCfg = Release|x64
		{6CB04589-E674-421A-8DB2-D64AFB6E36F9}.Release|x64.Build.0 = Release|x64
		{6CB04589-E674-421A-8DB2-D64AFB6E36F9}.Release|x86.ActiveCfg = Release|Win32
		{6CB04589-E674-421A-8DB2-D64AFB6E36F9}.Release|x86.Build.0 = Release|Win32
		{D760C260-55BC-4817-A3AD-D2089AD91A66}.Debug|x64.ActiveCfg = Debug|x64
		{D760C260-55BC-4817-A3AD-D2089AD91A66}.Debug|x64.Build.0 = Debug|x64
		{D760C260-55BC-4817-A3AD-D2089AD91A66}.Debug|x86.ActiveCfg = Debug|Win32
		{D760C260-55BC-4817-A3AD-D2089AD91A66}.Debug|x86.Build.0 = Debug|Win32
		{D760C260-55BC-4817-A3AD-D2089AD91A66}.Release|x64.ActiveCfg = Release|x64
		{D760C260-55BC-4817-A3AD-D2089AD91A66}.Release|x64.Build.0 = Release|x64
		{D760C260-55BC-4817-A3AD-D2089AD91A66}.Release|x86.ActiveCfg = Release|Win32
		{D760C260-55BC-4817-A3AD-D2089AD91A66}.Release|x86.Build.0 = Release|Win32
		{B0DADAA1-3BB1-4E82-A0A8-C95F29498C6B}.Debug|x64.ActiveCfg = Debug|x64
		{B0DADAA1-3BB1-4E82-A0A8-C95F29498C6B}.Debug|x64.Build.0 = Debug|x64
		{B0DADAA1-3BB1-4E82-A0A8-C95F29498C6B}.Debug|x86.ActiveCfg = Debug|Win32
		{B0DADAA1-3BB1-4E82-A0A8-C95F29498C6B}.Debug|x86.Build.0 = Debug|Win32
		{B0DADAA1-3BB1-4E82-A0A8-C95F29498C6B}.Release|x64.ActiveCfg = Release|x64
		{B0DADAA1-3BB1-4E82-A0A8-C95F29498C6B}.Release|x64.Build.0 = Release|x64
		{B0DADAA1-3BB1-4E82-A0A8-C95F29498C6B}.Release|x86.ActiveCfg = Release|Win32
		{B0DADAA1-3BB1-4E82-A0A8-C95F29498C6B}.Release|x86.Build.0 = Release|Win32
		{3DC553C3-0BB0-4995-93BD-4324F6B2E7A3}.Debug|x64.ActiveCfg = Debug|x64
		{3DC553C3-0BB0-4995-93BD-4324F6B2E7A3}.Debug|x64.Build.0 = Debug|x64
		{3DC553C3-0BB0-4995-93BD-4324F6B2E7A3}.Debug|x86.ActiveCfg = Debug|Win32
		{3DC553C3-0BB0-4995-93BD-4324F6B2E7A3}.Debug|x86.Build.0 = Debug|Win32
		{3DC553C3-0BB0-4995-93BD-4324F6B2E7A3}.Release|x64.ActiveCfg = Release|x64
		{3DC553C3-0BB0-4995-93BD-4324F6B2E7A3}.Release|x64.Build.0 = Release|x64
		{3DC553C3-0BB0-4995-93BD-4324F6B2E7A3}.Release|x86.ActiveCfg = Release|Win32
		{3DC553C3-0BB0-4995-93BD-4324F6B2E7A3}.Release|x86.Build.0 = Release|Win32
		{B8BE63B5-A717-471E-B472-C3C1FE9B1707}.Debug|x64.ActiveCfg = Debug|x64
		{B8BE63B5-A717-471E-B472-C3C1FE9B1707}.Debug|x64.Build.0 = Debug|x64
		{B8BE63B5-A717-471E-B472-C3C1FE9B1707}.Debug|x86.ActiveCfg = Debug|Win32
		{B8BE63B5-A717-471E-B472-C3C1FE9B1707}.Debug|x86.Build.0 = Debug|Win32
		{B8BE63B5-A717-471E-B472-C3C1FE9B1707}.Release|x64.ActiveCfg = Release|x64
		{B8BE63B5-A717-471E-B472-C3C1FE9B1707}.Release|x64.Build.0 = Release|x64
		{B8BE63B5-A717-471E-B472-C3C1FE9B1707}.Release|x86.ActiveCfg = Release|Win32
		{B8BE63B5-A717-471E-B472-C3C1FE9B1707}.Release|x86.Build.0 = Release|Win32
	EndGlobalSection
	GlobalSection(SolutionProperties) = preSolution
		HideSolutionNode = FALSE
	EndGlobalSection
	GlobalSection(NestedProjects) = preSolution
		{D1EB48E0-29F0-41A6-8392-4C08C8414403} = {1D72E115-3B64-4FBD-82B7-98AFD8850495}
		{DE8259E6-19C2-4394-B64B-BE2B1B27BD06} = {1D72E115-3B64-4FBD-82B7-98AFD8850495}
		{6CB04589-E674-421A-8DB2-D64AFB6E36F9} = {218C7671-5B81-49C3-ADAD-236F4A11DC3B}
		{D760C260-55BC-4817-A3AD-D2089AD91A66} = {218C7671-5B81-49C3-ADAD-236F4A11DC3B}
		{B0DADAA1-3BB1-4E82-A0A8-C95F29498C6B} = {218C7671-5B81-49C3-ADAD-236F4A11DC3B}
		{3DC553C3-0BB0-4995-93BD-4324F6B2E7A3} = {218C7671-5B81-49C3-ADAD-236F4A11DC3B}
		{D9FA5B40-3B92-4614-B5A0-B9BEE5DC06DD} = {218C7671-5B81-49C3-ADAD-236F4A11DC3B}
		{B8BE63B5-A717-471E-B472-C3C1FE9B1707} = {76DC0B3C-142F-46B7-AAEF-8A617227BBB9}
	EndGlobalSection
	GlobalSection(ExtensibilityGlobals) = postSolution
		SolutionGuid = {2C035C71-88A0-4789-9C50-84356B8250A0}
	EndGlobalSection
EndGlobal
